
Microsoft Visual Studio Solution File, Format Version 12.00
# Visual Studio Version 17
VisualStudioVersion = 17.3.32929.385
MinimumVisualStudioVersion = 10.0.40219.1
Project("{FAE04EC0-301F-11D3-BF4B-00C04F79EFBC}") = "Hesap Makinesi", "Hesap Makinesi\Hesap Makinesi.csproj", "{100116C8-DB4E-42F4-96B4-0A3DCD24C2FD}"
EndProject
Global
	GlobalSection(SolutionConfigurationPlatforms) = preSolution
		Debug|Any CPU = Debug|Any CPU
		Release|Any CPU = Release|Any CPU
	EndGlobalSection
	GlobalSection(ProjectConfigurationPlatforms) = postSolution
		{100116C8-DB4E-42F4-96B4-0A3DCD24C2FD}.Debug|Any CPU.ActiveCfg = Debug|Any CPU
		{100116C8-DB4E-42F4-96B4-0A3DCD24C2FD}.Debug|Any CPU.Build.0 = Debug|Any CPU
		{100116C8-DB4E-42F4-96B4-0A3DCD24C2FD}.Release|Any CPU.ActiveCfg = Release|Any CPU
		{100116C8-DB4E-42F4-96B4-0A3DCD24C2FD}.Release|Any CPU.Build.0 = Release|Any CPU
	EndGlobalSection
	GlobalSection(SolutionProperties) = preSolution
		HideSolutionNode = FALSE
	EndGlobalSection
	GlobalSection(ExtensibilityGlobals) = postSolution
		SolutionGuid = {93603A45-687B-4FF3-BE35-4506B20A6237}
	EndGlobalSection
EndGlobal
